
Microsoft Visual Studio Solution File, Format Version 12.00
# Visual Studio Version 16
VisualStudioVersion = 16.0.31410.357
MinimumVisualStudioVersion = 10.0.40219.1
Project("{FAE04EC0-301F-11D3-BF4B-00C04F79EFBC}") = "Name reverser", "Name reverser\Name reverser.csproj", "{AB39850D-8FD3-4C97-B747-94FF3DEE4A23}"
EndProject
Global
	GlobalSection(SolutionConfigurationPlatforms) = preSolution
		Debug|Any CPU = Debug|Any CPU
		Release|Any CPU = Release|Any CPU
	EndGlobalSection
	GlobalSection(ProjectConfigurationPlatforms) = postSolution
		{AB39850D-8FD3-4C97-B747-94FF3DEE4A23}.Debug|Any CPU.ActiveCfg = Debug|Any CPU
		{AB39850D-8FD3-4C97-B747-94FF3DEE4A23}.Debug|Any CPU.Build.0 = Debug|Any CPU
		{AB39850D-8FD3-4C97-B747-94FF3DEE4A23}.Release|Any CPU.ActiveCfg = Release|Any CPU
		{AB39850D-8FD3-4C97-B747-94FF3DEE4A23}.Release|Any CPU.Build.0 = Release|Any CPU
	EndGlobalSection
	GlobalSection(SolutionProperties) = preSolution
		HideSolutionNode = FALSE
	EndGlobalSection
	GlobalSection(ExtensibilityGlobals) = postSolution
		SolutionGuid = {E1D4D7E6-95F5-4450-877C-1F209D2BD1D8}
	EndGlobalSection
EndGlobal
